
Microsoft Visual Studio Solution File, Format Version 11.00
# Visual Studio 2010
Project("{2150E333-8FDC-42A3-9474-1A3956D46DE8}") = "Base Frameworks", "Base Frameworks", "{4EFD69B8-2EDA-488D-A887-C00632B61F74}"
EndProject
Project("{2150E333-8FDC-42A3-9474-1A3956D46DE8}") = "Src", "Src", "{F2ADE8D1-86E8-46AB-A58E-F17D4E4BCCBD}"
EndProject
Project("{2150E333-8FDC-42A3-9474-1A3956D46DE8}") = "Tests", "Tests", "{34449B70-94BE-441C-8C3A-F2D88DE09FD8}"
EndProject
Project("{2150E333-8FDC-42A3-9474-1A3956D46DE8}") = "Src", "Src", "{ACE89322-B335-48E9-9C85-5D01DA9C4D4E}"
EndProject
Project("{2150E333-8FDC-42A3-9474-1A3956D46DE8}") = "Solution Items", "Solution Items", "{876AD24B-F4CB-4BDA-961F-326871E9D5CF}"
	ProjectSection(SolutionItems) = preProject
		Solution Items\Code Item ko.xml = Solution Items\Code Item ko.xml
		Solution Items\Code Review Response ko.xml = Solution Items\Code Review Response ko.xml
		LocalTest.testsettings = LocalTest.testsettings
		SETUP.BAT = SETUP.BAT
		Umc.Core.v3.0.vsmdi = Umc.Core.v3.0.vsmdi
	EndProjectSection
EndProject
Project("{2150E333-8FDC-42A3-9474-1A3956D46DE8}") = "CommonCode", "CommonCode", "{E1BF1B78-AC12-42C1-A6A1-CB246A6A6CB5}"
	ProjectSection(SolutionItems) = preProject
		CommonCode\GlobalAssemblyInfo.cs = CommonCode\GlobalAssemblyInfo.cs
		CommonCode\GlobalConstants.cs = CommonCode\GlobalConstants.cs
		CommonCode\Umc.Core.ImportAfter.targets = CommonCode\Umc.Core.ImportAfter.targets
		CommonCode\Umc.Core.ImportBefore.targets = CommonCode\Umc.Core.ImportBefore.targets
	EndProjectSection
EndProject
Project("{FAE04EC0-301F-11D3-BF4B-00C04F79EFBC}") = "IoC.Castle", "Src\Base Frameworks\Src\IoC.Castle\IoC.Castle.csproj", "{73199ABA-F0FE-404A-BB5E-6912B3A7DA00}"
EndProject
Project("{FAE04EC0-301F-11D3-BF4B-00C04F79EFBC}") = "IoC.Castle.Tests", "Src\Base Frameworks\Tests\IoC.Castle.Tests\IoC.Castle.Tests.csproj", "{F04BADD7-DCC9-4449-A0B4-91EC6A446B94}"
EndProject
Project("{2150E333-8FDC-42A3-9474-1A3956D46DE8}") = "Tools", "Tools", "{8C65C892-DEE7-4483-8E3C-E1646D792A92}"
EndProject
Project("{2150E333-8FDC-42A3-9474-1A3956D46DE8}") = "ReferenceAssemblies", "ReferenceAssemblies", "{C8AE2337-D08C-4BE0-978E-AF602E43A7E7}"
EndProject
Project("{2150E333-8FDC-42A3-9474-1A3956D46DE8}") = "Castle", "Castle", "{CEB3A44F-515C-411D-85B7-7C317273ACB8}"
EndProject
Project("{2150E333-8FDC-42A3-9474-1A3956D46DE8}") = "Enterprise Library", "Enterprise Library", "{7280278C-DF4D-4676-9C87-BB53E2290917}"
EndProject
Project("{2150E333-8FDC-42A3-9474-1A3956D46DE8}") = "2.5.1.0", "2.5.1.0", "{D4001701-A750-43CE-8538-F668ABCAE006}"
	ProjectSection(SolutionItems) = preProject
		ReferenceAssemblies\Castle\2.5.1.0\Castle.Core.dll = ReferenceAssemblies\Castle\2.5.1.0\Castle.Core.dll
		ReferenceAssemblies\Castle\2.5.1.0\Castle.Core.pdb = ReferenceAssemblies\Castle\2.5.1.0\Castle.Core.pdb
		ReferenceAssemblies\Castle\2.5.1.0\Castle.Core.xml = ReferenceAssemblies\Castle\2.5.1.0\Castle.Core.xml
		ReferenceAssemblies\Castle\2.5.1.0\Castle.Windsor.dll = ReferenceAssemblies\Castle\2.5.1.0\Castle.Windsor.dll
		ReferenceAssemblies\Castle\2.5.1.0\Castle.Windsor.pdb = ReferenceAssemblies\Castle\2.5.1.0\Castle.Windsor.pdb
		ReferenceAssemblies\Castle\2.5.1.0\Castle.Windsor.xml = ReferenceAssemblies\Castle\2.5.1.0\Castle.Windsor.xml
	EndProjectSection
EndProject
Project("{2150E333-8FDC-42A3-9474-1A3956D46DE8}") = "5.0.414.0", "5.0.414.0", "{7975CCA5-3B88-4E91-A193-FCB7EA0FB421}"
	ProjectSection(SolutionItems) = preProject
		ReferenceAssemblies\Enterprise Library\5.0.414.0\Microsoft.Practices.EnterpriseLibrary.Caching.Cryptography.dll = ReferenceAssemblies\Enterprise Library\5.0.414.0\Microsoft.Practices.EnterpriseLibrary.Caching.Cryptography.dll
		ReferenceAssemblies\Enterprise Library\5.0.414.0\Microsoft.Practices.EnterpriseLibrary.Caching.Cryptography.pdb = ReferenceAssemblies\Enterprise Library\5.0.414.0\Microsoft.Practices.EnterpriseLibrary.Caching.Cryptography.pdb
		ReferenceAssemblies\Enterprise Library\5.0.414.0\Microsoft.Practices.EnterpriseLibrary.Caching.Cryptography.xml = ReferenceAssemblies\Enterprise Library\5.0.414.0\Microsoft.Practices.EnterpriseLibrary.Caching.Cryptography.xml
		ReferenceAssemblies\Enterprise Library\5.0.414.0\Microsoft.Practices.EnterpriseLibrary.Caching.Database.dll = ReferenceAssemblies\Enterprise Library\5.0.414.0\Microsoft.Practices.EnterpriseLibrary.Caching.Database.dll
		ReferenceAssemblies\Enterprise Library\5.0.414.0\Microsoft.Practices.EnterpriseLibrary.Caching.Database.pdb = ReferenceAssemblies\Enterprise Library\5.0.414.0\Microsoft.Practices.EnterpriseLibrary.Caching.Database.pdb
		ReferenceAssemblies\Enterprise Library\5.0.414.0\Microsoft.Practices.EnterpriseLibrary.Caching.Database.xml = ReferenceAssemblies\Enterprise Library\5.0.414.0\Microsoft.Practices.EnterpriseLibrary.Caching.Database.xml
		ReferenceAssemblies\Enterprise Library\5.0.414.0\Microsoft.Practices.EnterpriseLibrary.Caching.dll = ReferenceAssemblies\Enterprise Library\5.0.414.0\Microsoft.Practices.EnterpriseLibrary.Caching.dll
		ReferenceAssemblies\Enterprise Library\5.0.414.0\Microsoft.Practices.EnterpriseLibrary.Caching.pdb = ReferenceAssemblies\Enterprise Library\5.0.414.0\Microsoft.Practices.EnterpriseLibrary.Caching.pdb
		ReferenceAssemblies\Enterprise Library\5.0.414.0\Microsoft.Practices.EnterpriseLibrary.Caching.xml = ReferenceAssemblies\Enterprise Library\5.0.414.0\Microsoft.Practices.EnterpriseLibrary.Caching.xml
		ReferenceAssemblies\Enterprise Library\5.0.414.0\Microsoft.Practices.EnterpriseLibrary.Common.dll = ReferenceAssemblies\Enterprise Library\5.0.414.0\Microsoft.Practices.EnterpriseLibrary.Common.dll
		ReferenceAssemblies\Enterprise Library\5.0.414.0\Microsoft.Practices.EnterpriseLibrary.Common.pdb = ReferenceAssemblies\Enterprise Library\5.0.414.0\Microsoft.Practices.EnterpriseLibrary.Common.pdb
		ReferenceAssemblies\Enterprise Library\5.0.414.0\Microsoft.Practices.EnterpriseLibrary.Common.xml = ReferenceAssemblies\Enterprise Library\5.0.414.0\Microsoft.Practices.EnterpriseLibrary.Common.xml
		ReferenceAssemblies\Enterprise Library\5.0.414.0\Microsoft.Practices.EnterpriseLibrary.Configuration.Design.HostAdapter.dll = ReferenceAssemblies\Enterprise Library\5.0.414.0\Microsoft.Practices.EnterpriseLibrary.Configuration.Design.HostAdapter.dll
		ReferenceAssemblies\Enterprise Library\5.0.414.0\Microsoft.Practices.EnterpriseLibrary.Configuration.Design.HostAdapterV5.dll = ReferenceAssemblies\Enterprise Library\5.0.414.0\Microsoft.Practices.EnterpriseLibrary.Configuration.Design.HostAdapterV5.dll
		ReferenceAssemblies\Enterprise Library\5.0.414.0\Microsoft.Practices.EnterpriseLibrary.Configuration.DesignTime.dll = ReferenceAssemblies\Enterprise Library\5.0.414.0\Microsoft.Practices.EnterpriseLibrary.Configuration.DesignTime.dll
		ReferenceAssemblies\Enterprise Library\5.0.414.0\Microsoft.Practices.EnterpriseLibrary.Configuration.DesignTime.pdb = ReferenceAssemblies\Enterprise Library\5.0.414.0\Microsoft.Practices.EnterpriseLibrary.Configuration.DesignTime.pdb
		ReferenceAssemblies\Enterprise Library\5.0.414.0\Microsoft.Practices.EnterpriseLibrary.Configuration.DesignTime.xml = ReferenceAssemblies\Enterprise Library\5.0.414.0\Microsoft.Practices.EnterpriseLibrary.Configuration.DesignTime.xml
		ReferenceAssemblies\Enterprise Library\5.0.414.0\Microsoft.Practices.EnterpriseLibrary.Configuration.EnvironmentalOverrides.dll = ReferenceAssemblies\Enterprise Library\5.0.414.0\Microsoft.Practices.EnterpriseLibrary.Configuration.EnvironmentalOverrides.dll
		ReferenceAssemblies\Enterprise Library\5.0.414.0\Microsoft.Practices.EnterpriseLibrary.Configuration.EnvironmentalOverrides.pdb = ReferenceAssemblies\Enterprise Library\5.0.414.0\Microsoft.Practices.EnterpriseLibrary.Configuration.EnvironmentalOverrides.pdb
		ReferenceAssemblies\Enterprise Library\5.0.414.0\Microsoft.Practices.EnterpriseLibrary.Configuration.EnvironmentalOverrides.xml = ReferenceAssemblies\Enterprise Library\5.0.414.0\Microsoft.Practices.EnterpriseLibrary.Configuration.EnvironmentalOverrides.xml
		ReferenceAssemblies\Enterprise Library\5.0.414.0\Microsoft.Practices.EnterpriseLibrary.Data.dll = ReferenceAssemblies\Enterprise Library\5.0.414.0\Microsoft.Practices.EnterpriseLibrary.Data.dll
		ReferenceAssemblies\Enterprise Library\5.0.414.0\Microsoft.Practices.EnterpriseLibrary.Data.pdb = ReferenceAssemblies\Enterprise Library\5.0.414.0\Microsoft.Practices.EnterpriseLibrary.Data.pdb
		ReferenceAssemblies\Enterprise Library\5.0.414.0\Microsoft.Practices.EnterpriseLibrary.Data.SqlCe.dll = ReferenceAssemblies\Enterprise Library\5.0.414.0\Microsoft.Practices.EnterpriseLibrary.Data.SqlCe.dll
		ReferenceAssemblies\Enterprise Library\5.0.414.0\Microsoft.Practices.EnterpriseLibrary.Data.SqlCe.pdb = ReferenceAssemblies\Enterprise Library\5.0.414.0\Microsoft.Practices.EnterpriseLibrary.Data.SqlCe.pdb
		ReferenceAssemblies\Enterprise Library\5.0.414.0\Microsoft.Practices.EnterpriseLibrary.Data.SqlCe.xml = ReferenceAssemblies\Enterprise Library\5.0.414.0\Microsoft.Practices.EnterpriseLibrary.Data.SqlCe.xml
		ReferenceAssemblies\Enterprise Library\5.0.414.0\Microsoft.Practices.EnterpriseLibrary.Data.xml = ReferenceAssemblies\Enterprise Library\5.0.414.0\Microsoft.Practices.EnterpriseLibrary.Data.xml
		ReferenceAssemblies\Enterprise Library\5.0.414.0\Microsoft.Practices.EnterpriseLibrary.ExceptionHandling.dll = ReferenceAssemblies\Enterprise Library\5.0.414.0\Microsoft.Practices.EnterpriseLibrary.ExceptionHandling.dll
		ReferenceAssemblies\Enterprise Library\5.0.414.0\Microsoft.Practices.EnterpriseLibrary.ExceptionHandling.Logging.dll = ReferenceAssemblies\Enterprise Library\5.0.414.0\Microsoft.Practices.EnterpriseLibrary.ExceptionHandling.Logging.dll
		ReferenceAssemblies\Enterprise Library\5.0.414.0\Microsoft.Practices.EnterpriseLibrary.ExceptionHandling.Logging.pdb = ReferenceAssemblies\Enterprise Library\5.0.414.0\Microsoft.Practices.EnterpriseLibrary.ExceptionHandling.Logging.pdb
		ReferenceAssemblies\Enterprise Library\5.0.414.0\Microsoft.Practices.EnterpriseLibrary.ExceptionHandling.Logging.xml = ReferenceAssemblies\Enterprise Library\5.0.414.0\Microsoft.Practices.EnterpriseLibrary.ExceptionHandling.Logging.xml
		ReferenceAssemblies\Enterprise Library\5.0.414.0\Microsoft.Practices.EnterpriseLibrary.ExceptionHandling.pdb = ReferenceAssemblies\Enterprise Library\5.0.414.0\Microsoft.Practices.EnterpriseLibrary.ExceptionHandling.pdb
		ReferenceAssemblies\Enterprise Library\5.0.414.0\Microsoft.Practices.EnterpriseLibrary.ExceptionHandling.WCF.dll = ReferenceAssemblies\Enterprise Library\5.0.414.0\Microsoft.Practices.EnterpriseLibrary.ExceptionHandling.WCF.dll
		ReferenceAssemblies\Enterprise Library\5.0.414.0\Microsoft.Practices.EnterpriseLibrary.ExceptionHandling.WCF.pdb = ReferenceAssemblies\Enterprise Library\5.0.414.0\Microsoft.Practices.EnterpriseLibrary.ExceptionHandling.WCF.pdb
		ReferenceAssemblies\Enterprise Library\5.0.414.0\Microsoft.Practices.EnterpriseLibrary.ExceptionHandling.WCF.xml = ReferenceAssemblies\Enterprise Library\5.0.414.0\Microsoft.Practices.EnterpriseLibrary.ExceptionHandling.WCF.xml
		ReferenceAssemblies\Enterprise Library\5.0.414.0\Microsoft.Practices.EnterpriseLibrary.ExceptionHandling.xml = ReferenceAssemblies\Enterprise Library\5.0.414.0\Microsoft.Practices.EnterpriseLibrary.ExceptionHandling.xml
		ReferenceAssemblies\Enterprise Library\5.0.414.0\Microsoft.Practices.EnterpriseLibrary.Logging.Database.dll = ReferenceAssemblies\Enterprise Library\5.0.414.0\Microsoft.Practices.EnterpriseLibrary.Logging.Database.dll
		ReferenceAssemblies\Enterprise Library\5.0.414.0\Microsoft.Practices.EnterpriseLibrary.Logging.Database.pdb = ReferenceAssemblies\Enterprise Library\5.0.414.0\Microsoft.Practices.EnterpriseLibrary.Logging.Database.pdb
		ReferenceAssemblies\Enterprise Library\5.0.414.0\Microsoft.Practices.EnterpriseLibrary.Logging.Database.xml = ReferenceAssemblies\Enterprise Library\5.0.414.0\Microsoft.Practices.EnterpriseLibrary.Logging.Database.xml
		ReferenceAssemblies\Enterprise Library\5.0.414.0\Microsoft.Practices.EnterpriseLibrary.Logging.dll = ReferenceAssemblies\Enterprise Library\5.0.414.0\Microsoft.Practices.EnterpriseLibrary.Logging.dll
		ReferenceAssemblies\Enterprise Library\5.0.414.0\Microsoft.Practices.EnterpriseLibrary.Logging.pdb = ReferenceAssemblies\Enterprise Library\5.0.414.0\Microsoft.Practices.EnterpriseLibrary.Logging.pdb
		ReferenceAssemblies\Enterprise Library\5.0.414.0\Microsoft.Practices.EnterpriseLibrary.Logging.xml = ReferenceAssemblies\Enterprise Library\5.0.414.0\Microsoft.Practices.EnterpriseLibrary.Logging.xml
		ReferenceAssemblies\Enterprise Library\5.0.414.0\Microsoft.Practices.EnterpriseLibrary.PolicyInjection.dll = ReferenceAssemblies\Enterprise Library\5.0.414.0\Microsoft.Practices.EnterpriseLibrary.PolicyInjection.dll
		ReferenceAssemblies\Enterprise Library\5.0.414.0\Microsoft.Practices.EnterpriseLibrary.PolicyInjection.pdb = ReferenceAssemblies\Enterprise Library\5.0.414.0\Microsoft.Practices.EnterpriseLibrary.PolicyInjection.pdb
		ReferenceAssemblies\Enterprise Library\5.0.414.0\Microsoft.Practices.EnterpriseLibrary.PolicyInjection.xml = ReferenceAssemblies\Enterprise Library\5.0.414.0\Microsoft.Practices.EnterpriseLibrary.PolicyInjection.xml
		ReferenceAssemblies\Enterprise Library\5.0.414.0\Microsoft.Practices.EnterpriseLibrary.Security.AzMan.dll = ReferenceAssemblies\Enterprise Library\5.0.414.0\Microsoft.Practices.EnterpriseLibrary.Security.AzMan.dll
		ReferenceAssemblies\Enterprise Library\5.0.414.0\Microsoft.Practices.EnterpriseLibrary.Security.AzMan.pdb = ReferenceAssemblies\Enterprise Library\5.0.414.0\Microsoft.Practices.EnterpriseLibrary.Security.AzMan.pdb
		ReferenceAssemblies\Enterprise Library\5.0.414.0\Microsoft.Practices.EnterpriseLibrary.Security.AzMan.xml = ReferenceAssemblies\Enterprise Library\5.0.414.0\Microsoft.Practices.EnterpriseLibrary.Security.AzMan.xml
		ReferenceAssemblies\Enterprise Library\5.0.414.0\Microsoft.Practices.EnterpriseLibrary.Security.Cache.CachingStore.dll = ReferenceAssemblies\Enterprise Library\5.0.414.0\Microsoft.Practices.EnterpriseLibrary.Security.Cache.CachingStore.dll
		ReferenceAssemblies\Enterprise Library\5.0.414.0\Microsoft.Practices.EnterpriseLibrary.Security.Cache.CachingStore.pdb = ReferenceAssemblies\Enterprise Library\5.0.414.0\Microsoft.Practices.EnterpriseLibrary.Security.Cache.CachingStore.pdb
		ReferenceAssemblies\Enterprise Library\5.0.414.0\Microsoft.Practices.EnterpriseLibrary.Security.Cache.CachingStore.xml = ReferenceAssemblies\Enterprise Library\5.0.414.0\Microsoft.Practices.EnterpriseLibrary.Security.Cache.CachingStore.xml
		ReferenceAssemblies\Enterprise Library\5.0.414.0\Microsoft.Practices.EnterpriseLibrary.Security.Cryptography.dll = ReferenceAssemblies\Enterprise Library\5.0.414.0\Microsoft.Practices.EnterpriseLibrary.Security.Cryptography.dll
		ReferenceAssemblies\Enterprise Library\5.0.414.0\Microsoft.Practices.EnterpriseLibrary.Security.Cryptography.pdb = ReferenceAssemblies\Enterprise Library\5.0.414.0\Microsoft.Practices.EnterpriseLibrary.Security.Cryptography.pdb
		ReferenceAssemblies\Enterprise Library\5.0.414.0\Microsoft.Practices.EnterpriseLibrary.Security.Cryptography.xml = ReferenceAssemblies\Enterprise Library\5.0.414.0\Microsoft.Practices.EnterpriseLibrary.Security.Cryptography.xml
		ReferenceAssemblies\Enterprise Library\5.0.414.0\Microsoft.Practices.EnterpriseLibrary.Security.dll = ReferenceAssemblies\Enterprise Library\5.0.414.0\Microsoft.Practices.EnterpriseLibrary.Security.dll
		ReferenceAssemblies\Enterprise Library\5.0.414.0\Microsoft.Practices.EnterpriseLibrary.Security.pdb = ReferenceAssemblies\Enterprise Library\5.0.414.0\Microsoft.Practices.EnterpriseLibrary.Security.pdb
		ReferenceAssemblies\Enterprise Library\5.0.414.0\Microsoft.Practices.EnterpriseLibrary.Security.xml = ReferenceAssemblies\Enterprise Library\5.0.414.0\Microsoft.Practices.EnterpriseLibrary.Security.xml
		ReferenceAssemblies\Enterprise Library\5.0.414.0\Microsoft.Practices.EnterpriseLibrary.Validation.dll = ReferenceAssemblies\Enterprise Library\5.0.414.0\Microsoft.Practices.EnterpriseLibrary.Validation.dll
		ReferenceAssemblies\Enterprise Library\5.0.414.0\Microsoft.Practices.EnterpriseLibrary.Validation.Integration.AspNet.dll = ReferenceAssemblies\Enterprise Library\5.0.414.0\Microsoft.Practices.EnterpriseLibrary.Validation.Integration.AspNet.dll
		ReferenceAssemblies\Enterprise Library\5.0.414.0\Microsoft.Practices.EnterpriseLibrary.Validation.Integration.AspNet.pdb = ReferenceAssemblies\Enterprise Library\5.0.414.0\Microsoft.Practices.EnterpriseLibrary.Validation.Integration.AspNet.pdb
		ReferenceAssemblies\Enterprise Library\5.0.414.0\Microsoft.Practices.EnterpriseLibrary.Validation.Integration.AspNet.xml = ReferenceAssemblies\Enterprise Library\5.0.414.0\Microsoft.Practices.EnterpriseLibrary.Validation.Integration.AspNet.xml
		ReferenceAssemblies\Enterprise Library\5.0.414.0\Microsoft.Practices.EnterpriseLibrary.Validation.Integration.WCF.dll = ReferenceAssemblies\Enterprise Library\5.0.414.0\Microsoft.Practices.EnterpriseLibrary.Validation.Integration.WCF.dll
		ReferenceAssemblies\Enterprise Library\5.0.414.0\Microsoft.Practices.EnterpriseLibrary.Validation.Integration.WCF.pdb = ReferenceAssemblies\Enterprise Library\5.0.414.0\Microsoft.Practices.EnterpriseLibrary.Validation.Integration.WCF.pdb
		ReferenceAssemblies\Enterprise Library\5.0.414.0\Microsoft.Practices.EnterpriseLibrary.Validation.Integration.WCF.xml = ReferenceAssemblies\Enterprise Library\5.0.414.0\Microsoft.Practices.EnterpriseLibrary.Validation.Integration.WCF.xml
		ReferenceAssemblies\Enterprise Library\5.0.414.0\Microsoft.Practices.EnterpriseLibrary.Validation.Integration.WinForms.dll = ReferenceAssemblies\Enterprise Library\5.0.414.0\Microsoft.Practices.EnterpriseLibrary.Validation.Integration.WinForms.dll
		ReferenceAssemblies\Enterprise Library\5.0.414.0\Microsoft.Practices.EnterpriseLibrary.Validation.Integration.WinForms.pdb = ReferenceAssemblies\Enterprise Library\5.0.414.0\Microsoft.Practices.EnterpriseLibrary.Validation.Integration.WinForms.pdb
		ReferenceAssemblies\Enterprise Library\5.0.414.0\Microsoft.Practices.EnterpriseLibrary.Validation.Integration.WinForms.xml = ReferenceAssemblies\Enterprise Library\5.0.414.0\Microsoft.Practices.EnterpriseLibrary.Validation.Integration.WinForms.xml
		ReferenceAssemblies\Enterprise Library\5.0.414.0\Microsoft.Practices.EnterpriseLibrary.Validation.Integration.WPF.dll = ReferenceAssemblies\Enterprise Library\5.0.414.0\Microsoft.Practices.EnterpriseLibrary.Validation.Integration.WPF.dll
		ReferenceAssemblies\Enterprise Library\5.0.414.0\Microsoft.Practices.EnterpriseLibrary.Validation.Integration.WPF.pdb = ReferenceAssemblies\Enterprise Library\5.0.414.0\Microsoft.Practices.EnterpriseLibrary.Validation.Integration.WPF.pdb
		ReferenceAssemblies\Enterprise Library\5.0.414.0\Microsoft.Practices.EnterpriseLibrary.Validation.Integration.WPF.xml = ReferenceAssemblies\Enterprise Library\5.0.414.0\Microsoft.Practices.EnterpriseLibrary.Validation.Integration.WPF.xml
		ReferenceAssemblies\Enterprise Library\5.0.414.0\Microsoft.Practices.EnterpriseLibrary.Validation.pdb = ReferenceAssemblies\Enterprise Library\5.0.414.0\Microsoft.Practices.EnterpriseLibrary.Validation.pdb
		ReferenceAssemblies\Enterprise Library\5.0.414.0\Microsoft.Practices.EnterpriseLibrary.Validation.xml = ReferenceAssemblies\Enterprise Library\5.0.414.0\Microsoft.Practices.EnterpriseLibrary.Validation.xml
		ReferenceAssemblies\Enterprise Library\5.0.414.0\Microsoft.Practices.ServiceLocation.dll = ReferenceAssemblies\Enterprise Library\5.0.414.0\Microsoft.Practices.ServiceLocation.dll
		ReferenceAssemblies\Enterprise Library\5.0.414.0\Microsoft.Practices.ServiceLocation.pdb = ReferenceAssemblies\Enterprise Library\5.0.414.0\Microsoft.Practices.ServiceLocation.pdb
		ReferenceAssemblies\Enterprise Library\5.0.414.0\Microsoft.Practices.ServiceLocation.XML = ReferenceAssemblies\Enterprise Library\5.0.414.0\Microsoft.Practices.ServiceLocation.XML
		ReferenceAssemblies\Enterprise Library\5.0.414.0\Microsoft.Practices.Unity.Configuration.dll = ReferenceAssemblies\Enterprise Library\5.0.414.0\Microsoft.Practices.Unity.Configuration.dll
		ReferenceAssemblies\Enterprise Library\5.0.414.0\Microsoft.Practices.Unity.Configuration.pdb = ReferenceAssemblies\Enterprise Library\5.0.414.0\Microsoft.Practices.Unity.Configuration.pdb
		ReferenceAssemblies\Enterprise Library\5.0.414.0\Microsoft.Practices.Unity.Configuration.xml = ReferenceAssemblies\Enterprise Library\5.0.414.0\Microsoft.Practices.Unity.Configuration.xml
		ReferenceAssemblies\Enterprise Library\5.0.414.0\Microsoft.Practices.Unity.dll = ReferenceAssemblies\Enterprise Library\5.0.414.0\Microsoft.Practices.Unity.dll
		ReferenceAssemblies\Enterprise Library\5.0.414.0\Microsoft.Practices.Unity.Interception.Configuration.dll = ReferenceAssemblies\Enterprise Library\5.0.414.0\Microsoft.Practices.Unity.Interception.Configuration.dll
		ReferenceAssemblies\Enterprise Library\5.0.414.0\Microsoft.Practices.Unity.Interception.Configuration.pdb = ReferenceAssemblies\Enterprise Library\5.0.414.0\Microsoft.Practices.Unity.Interception.Configuration.pdb
		ReferenceAssemblies\Enterprise Library\5.0.414.0\Microsoft.Practices.Unity.Interception.dll = ReferenceAssemblies\Enterprise Library\5.0.414.0\Microsoft.Practices.Unity.Interception.dll
		ReferenceAssemblies\Enterprise Library\5.0.414.0\Microsoft.Practices.Unity.Interception.pdb = ReferenceAssemblies\Enterprise Library\5.0.414.0\Microsoft.Practices.Unity.Interception.pdb
		ReferenceAssemblies\Enterprise Library\5.0.414.0\Microsoft.Practices.Unity.Interception.xml = ReferenceAssemblies\Enterprise Library\5.0.414.0\Microsoft.Practices.Unity.Interception.xml
		ReferenceAssemblies\Enterprise Library\5.0.414.0\Microsoft.Practices.Unity.pdb = ReferenceAssemblies\Enterprise Library\5.0.414.0\Microsoft.Practices.Unity.pdb
		ReferenceAssemblies\Enterprise Library\5.0.414.0\Microsoft.Practices.Unity.xml = ReferenceAssemblies\Enterprise Library\5.0.414.0\Microsoft.Practices.Unity.xml
	EndProjectSection
EndProject
Project("{2150E333-8FDC-42A3-9474-1A3956D46DE8}") = "StrongKey", "StrongKey", "{5160151E-47F8-4C3E-90C3-7C15C0FC89DC}"
	ProjectSection(SolutionItems) = preProject
		StrongKey\Umc.Core.Public.snk = StrongKey\Umc.Core.Public.snk
	EndProjectSection
EndProject
Project("{2150E333-8FDC-42A3-9474-1A3956D46DE8}") = "Sandcastle", "Sandcastle", "{22AD2107-BA9F-415E-AE50-AA47C0606945}"
	ProjectSection(SolutionItems) = preProject
		Solution Items\Sandcastle\Umc.Core.shfbproj = Solution Items\Sandcastle\Umc.Core.shfbproj
	EndProjectSection
EndProject
Project("{2150E333-8FDC-42A3-9474-1A3956D46DE8}") = "Microsoft", "Microsoft", "{C94E18FB-6561-4B2B-BDB0-5799FD08AF40}"
EndProject
Project("{2150E333-8FDC-42A3-9474-1A3956D46DE8}") = "Build", "Build", "{ABEC380E-1CFB-4961-9EEF-91A9426B7CE6}"
EndProject
Project("{2150E333-8FDC-42A3-9474-1A3956D46DE8}") = "4.0", "4.0", "{2493CAAD-519A-43F4-ACFA-58DDF4117B22}"
	ProjectSection(SolutionItems) = preProject
		ReferenceAssemblies\Microsoft\Build\4.0\Microsoft.Build.Conversion.v4.0.dll = ReferenceAssemblies\Microsoft\Build\4.0\Microsoft.Build.Conversion.v4.0.dll
		ReferenceAssemblies\Microsoft\Build\4.0\Microsoft.Build.dll = ReferenceAssemblies\Microsoft\Build\4.0\Microsoft.Build.dll
		ReferenceAssemblies\Microsoft\Build\4.0\Microsoft.Build.Engine.dll = ReferenceAssemblies\Microsoft\Build\4.0\Microsoft.Build.Engine.dll
		ReferenceAssemblies\Microsoft\Build\4.0\Microsoft.Build.Framework.dll = ReferenceAssemblies\Microsoft\Build\4.0\Microsoft.Build.Framework.dll
		ReferenceAssemblies\Microsoft\Build\4.0\Microsoft.Build.Tasks.v4.0.dll = ReferenceAssemblies\Microsoft\Build\4.0\Microsoft.Build.Tasks.v4.0.dll
		ReferenceAssemblies\Microsoft\Build\4.0\Microsoft.Build.Utilities.v4.0.dll = ReferenceAssemblies\Microsoft\Build\4.0\Microsoft.Build.Utilities.v4.0.dll
	EndProjectSection
EndProject
Project("{2150E333-8FDC-42A3-9474-1A3956D46DE8}") = "VisualStudio", "VisualStudio", "{A6AAFEED-097A-4EAB-BAED-6F0FFCD3039B}"
	ProjectSection(SolutionItems) = preProject
		ReferenceAssemblies\Microsoft\VisualStudio\EnvDTE.dll = ReferenceAssemblies\Microsoft\VisualStudio\EnvDTE.dll
	EndProjectSection
EndProject
Project("{2150E333-8FDC-42A3-9474-1A3956D46DE8}") = "8.0.0.0", "8.0.0.0", "{26B90A94-FD3B-47B3-BA02-02C42A3434F6}"
	ProjectSection(SolutionItems) = preProject
		ReferenceAssemblies\Microsoft\VisualStudio\8.0.0.0\EnvDTE80.dll = ReferenceAssemblies\Microsoft\VisualStudio\8.0.0.0\EnvDTE80.dll
		ReferenceAssemblies\Microsoft\VisualStudio\8.0.0.0\Microsoft.VisualStudio.Zip.dll = ReferenceAssemblies\Microsoft\VisualStudio\8.0.0.0\Microsoft.VisualStudio.Zip.dll
	EndProjectSection
EndProject
Project("{2150E333-8FDC-42A3-9474-1A3956D46DE8}") = "TeamFoundation", "TeamFoundation", "{BF390417-C3BB-4DD3-8DD3-C5729DC3263E}"
EndProject
Project("{2150E333-8FDC-42A3-9474-1A3956D46DE8}") = "10.0.0.0", "10.0.0.0", "{E8A6B136-C75A-4239-8F46-118287A261DB}"
	ProjectSection(SolutionItems) = preProject
		ReferenceAssemblies\Microsoft\TeamFoundation\10.0.0.0\Microsoft.TeamFoundation.Build.Client.dll = ReferenceAssemblies\Microsoft\TeamFoundation\10.0.0.0\Microsoft.TeamFoundation.Build.Client.dll
		ReferenceAssemblies\Microsoft\TeamFoundation\10.0.0.0\Microsoft.TeamFoundation.Build.Common.dll = ReferenceAssemblies\Microsoft\TeamFoundation\10.0.0.0\Microsoft.TeamFoundation.Build.Common.dll
		ReferenceAssemblies\Microsoft\TeamFoundation\10.0.0.0\Microsoft.TeamFoundation.Build.Workflow.dll = ReferenceAssemblies\Microsoft\TeamFoundation\10.0.0.0\Microsoft.TeamFoundation.Build.Workflow.dll
		ReferenceAssemblies\Microsoft\TeamFoundation\10.0.0.0\Microsoft.TeamFoundation.Client.dll = ReferenceAssemblies\Microsoft\TeamFoundation\10.0.0.0\Microsoft.TeamFoundation.Client.dll
		ReferenceAssemblies\Microsoft\TeamFoundation\10.0.0.0\Microsoft.TeamFoundation.Common.dll = ReferenceAssemblies\Microsoft\TeamFoundation\10.0.0.0\Microsoft.TeamFoundation.Common.dll
		ReferenceAssemblies\Microsoft\TeamFoundation\10.0.0.0\Microsoft.TeamFoundation.Common.Library.dll = ReferenceAssemblies\Microsoft\TeamFoundation\10.0.0.0\Microsoft.TeamFoundation.Common.Library.dll
		ReferenceAssemblies\Microsoft\TeamFoundation\10.0.0.0\Microsoft.TeamFoundation.dll = ReferenceAssemblies\Microsoft\TeamFoundation\10.0.0.0\Microsoft.TeamFoundation.dll
		ReferenceAssemblies\Microsoft\TeamFoundation\10.0.0.0\Microsoft.TeamFoundation.TestManagement.Client.dll = ReferenceAssemblies\Microsoft\TeamFoundation\10.0.0.0\Microsoft.TeamFoundation.TestManagement.Client.dll
		ReferenceAssemblies\Microsoft\TeamFoundation\10.0.0.0\Microsoft.TeamFoundation.TestManagement.Common.dll = ReferenceAssemblies\Microsoft\TeamFoundation\10.0.0.0\Microsoft.TeamFoundation.TestManagement.Common.dll
		ReferenceAssemblies\Microsoft\TeamFoundation\10.0.0.0\Microsoft.TeamFoundation.VersionControl.Client.dll = ReferenceAssemblies\Microsoft\TeamFoundation\10.0.0.0\Microsoft.TeamFoundation.VersionControl.Client.dll
		ReferenceAssemblies\Microsoft\TeamFoundation\10.0.0.0\Microsoft.TeamFoundation.VersionControl.Common.dll = ReferenceAssemblies\Microsoft\TeamFoundation\10.0.0.0\Microsoft.TeamFoundation.VersionControl.Common.dll
		ReferenceAssemblies\Microsoft\TeamFoundation\10.0.0.0\Microsoft.TeamFoundation.VersionControl.Common.Integration.dll = ReferenceAssemblies\Microsoft\TeamFoundation\10.0.0.0\Microsoft.TeamFoundation.VersionControl.Common.Integration.dll
		ReferenceAssemblies\Microsoft\TeamFoundation\10.0.0.0\Microsoft.TeamFoundation.WorkItemTracking.Client.Cache.dll = ReferenceAssemblies\Microsoft\TeamFoundation\10.0.0.0\Microsoft.TeamFoundation.WorkItemTracking.Client.Cache.dll
		ReferenceAssemblies\Microsoft\TeamFoundation\10.0.0.0\Microsoft.TeamFoundation.WorkItemTracking.Client.DataStore.dll = ReferenceAssemblies\Microsoft\TeamFoundation\10.0.0.0\Microsoft.TeamFoundation.WorkItemTracking.Client.DataStore.dll
		ReferenceAssemblies\Microsoft\TeamFoundation\10.0.0.0\Microsoft.TeamFoundation.WorkItemTracking.Client.dll = ReferenceAssemblies\Microsoft\TeamFoundation\10.0.0.0\Microsoft.TeamFoundation.WorkItemTracking.Client.dll
		ReferenceAssemblies\Microsoft\TeamFoundation\10.0.0.0\Microsoft.TeamFoundation.WorkItemTracking.Client.Provision.dll = ReferenceAssemblies\Microsoft\TeamFoundation\10.0.0.0\Microsoft.TeamFoundation.WorkItemTracking.Client.Provision.dll
		ReferenceAssemblies\Microsoft\TeamFoundation\10.0.0.0\Microsoft.TeamFoundation.WorkItemTracking.Client.QueryLanguage.dll = ReferenceAssemblies\Microsoft\TeamFoundation\10.0.0.0\Microsoft.TeamFoundation.WorkItemTracking.Client.QueryLanguage.dll
		ReferenceAssemblies\Microsoft\TeamFoundation\10.0.0.0\Microsoft.TeamFoundation.WorkItemTracking.Client.RuleEngine.dll = ReferenceAssemblies\Microsoft\TeamFoundation\10.0.0.0\Microsoft.TeamFoundation.WorkItemTracking.Client.RuleEngine.dll
		ReferenceAssemblies\Microsoft\TeamFoundation\10.0.0.0\Microsoft.TeamFoundation.WorkItemTracking.Proxy.dll = ReferenceAssemblies\Microsoft\TeamFoundation\10.0.0.0\Microsoft.TeamFoundation.WorkItemTracking.Proxy.dll
	EndProjectSection
EndProject
Project("{2150E333-8FDC-42A3-9474-1A3956D46DE8}") = "ko", "ko", "{BB77CCFD-EF8E-4DE3-BF29-A8BB8DA0A50B}"
	ProjectSection(SolutionItems) = preProject
		ReferenceAssemblies\Microsoft\TeamFoundation\10.0.0.0\ko\Microsoft.TeamFoundation.Build.Client.resources.dll = ReferenceAssemblies\Microsoft\TeamFoundation\10.0.0.0\ko\Microsoft.TeamFoundation.Build.Client.resources.dll
		ReferenceAssemblies\Microsoft\TeamFoundation\10.0.0.0\ko\Microsoft.TeamFoundation.Build.Common.resources.dll = ReferenceAssemblies\Microsoft\TeamFoundation\10.0.0.0\ko\Microsoft.TeamFoundation.Build.Common.resources.dll
		ReferenceAssemblies\Microsoft\TeamFoundation\10.0.0.0\ko\Microsoft.TeamFoundation.Build.Common.xml = ReferenceAssemblies\Microsoft\TeamFoundation\10.0.0.0\ko\Microsoft.TeamFoundation.Build.Common.xml
		ReferenceAssemblies\Microsoft\TeamFoundation\10.0.0.0\ko\Microsoft.TeamFoundation.Client.resources.dll = ReferenceAssemblies\Microsoft\TeamFoundation\10.0.0.0\ko\Microsoft.TeamFoundation.Client.resources.dll
		ReferenceAssemblies\Microsoft\TeamFoundation\10.0.0.0\ko\Microsoft.TeamFoundation.Common.Library.resources.dll = ReferenceAssemblies\Microsoft\TeamFoundation\10.0.0.0\ko\Microsoft.TeamFoundation.Common.Library.resources.dll
		ReferenceAssemblies\Microsoft\TeamFoundation\10.0.0.0\ko\Microsoft.TeamFoundation.Common.resources.dll = ReferenceAssemblies\Microsoft\TeamFoundation\10.0.0.0\ko\Microsoft.TeamFoundation.Common.resources.dll
		ReferenceAssemblies\Microsoft\TeamFoundation\10.0.0.0\ko\Microsoft.TeamFoundation.resources.dll = ReferenceAssemblies\Microsoft\TeamFoundation\10.0.0.0\ko\Microsoft.TeamFoundation.resources.dll
		ReferenceAssemblies\Microsoft\TeamFoundation\10.0.0.0\ko\Microsoft.TeamFoundation.VersionControl.Common.Integration.resources.dll = ReferenceAssemblies\Microsoft\TeamFoundation\10.0.0.0\ko\Microsoft.TeamFoundation.VersionControl.Common.Integration.resources.dll
		ReferenceAssemblies\Microsoft\TeamFoundation\10.0.0.0\ko\Microsoft.TeamFoundation.VersionControl.Common.resources.dll = ReferenceAssemblies\Microsoft\TeamFoundation\10.0.0.0\ko\Microsoft.TeamFoundation.VersionControl.Common.resources.dll
		ReferenceAssemblies\Microsoft\TeamFoundation\10.0.0.0\ko\Microsoft.TeamFoundation.WorkItemTracking.Client.QueryLanguage.resources.dll = ReferenceAssemblies\Microsoft\TeamFoundation\10.0.0.0\ko\Microsoft.TeamFoundation.WorkItemTracking.Client.QueryLanguage.resources.dll
		ReferenceAssemblies\Microsoft\TeamFoundation\10.0.0.0\ko\Microsoft.TeamFoundation.WorkItemTracking.Client.resources.dll = ReferenceAssemblies\Microsoft\TeamFoundation\10.0.0.0\ko\Microsoft.TeamFoundation.WorkItemTracking.Client.resources.dll
		ReferenceAssemblies\Microsoft\TeamFoundation\10.0.0.0\ko\Microsoft.TeamFoundation.WorkItemTracking.Proxy.resources.dll = ReferenceAssemblies\Microsoft\TeamFoundation\10.0.0.0\ko\Microsoft.TeamFoundation.WorkItemTracking.Proxy.resources.dll
		ReferenceAssemblies\Microsoft\TeamFoundation\10.0.0.0\ko\Microsoft.VisualStudio.DebuggerVisualizers.resources.dll = ReferenceAssemblies\Microsoft\TeamFoundation\10.0.0.0\ko\Microsoft.VisualStudio.DebuggerVisualizers.resources.dll
		ReferenceAssemblies\Microsoft\TeamFoundation\10.0.0.0\ko\Microsoft.VisualStudio.DebuggerVisualizers.xml = ReferenceAssemblies\Microsoft\TeamFoundation\10.0.0.0\ko\Microsoft.VisualStudio.DebuggerVisualizers.xml
		ReferenceAssemblies\Microsoft\TeamFoundation\10.0.0.0\ko\Microsoft.VisualStudio.QualityTools.Common.xml = ReferenceAssemblies\Microsoft\TeamFoundation\10.0.0.0\ko\Microsoft.VisualStudio.QualityTools.Common.xml
		ReferenceAssemblies\Microsoft\TeamFoundation\10.0.0.0\ko\Microsoft.VisualStudio.QualityTools.ExecutionCommon.xml = ReferenceAssemblies\Microsoft\TeamFoundation\10.0.0.0\ko\Microsoft.VisualStudio.QualityTools.ExecutionCommon.xml
	EndProjectSection
EndProject
Project("{2150E333-8FDC-42A3-9474-1A3956D46DE8}") = "10.0.0.0", "10.0.0.0", "{93266A17-D2C0-4F00-83A2-22AC92668DF5}"
	ProjectSection(SolutionItems) = preProject
		ReferenceAssemblies\Microsoft\VisualStudio\10.0.0.0\Architecture-msil.dll = ReferenceAssemblies\Microsoft\VisualStudio\10.0.0.0\Architecture-msil.dll
		ReferenceAssemblies\Microsoft\VisualStudio\10.0.0.0\EnvDTE100.dll = ReferenceAssemblies\Microsoft\VisualStudio\10.0.0.0\EnvDTE100.dll
		ReferenceAssemblies\Microsoft\VisualStudio\10.0.0.0\FxCopCommon.dll = ReferenceAssemblies\Microsoft\VisualStudio\10.0.0.0\FxCopCommon.dll
		ReferenceAssemblies\Microsoft\VisualStudio\10.0.0.0\FxCopSdk.dll = ReferenceAssemblies\Microsoft\VisualStudio\10.0.0.0\FxCopSdk.dll
		ReferenceAssemblies\Microsoft\VisualStudio\10.0.0.0\IntrospectionAnalysisEngine.dll = ReferenceAssemblies\Microsoft\VisualStudio\10.0.0.0\IntrospectionAnalysisEngine.dll
		ReferenceAssemblies\Microsoft\VisualStudio\10.0.0.0\Microsoft.Cci.dll = ReferenceAssemblies\Microsoft\VisualStudio\10.0.0.0\Microsoft.Cci.dll
		ReferenceAssemblies\Microsoft\VisualStudio\10.0.0.0\Microsoft.VisualStudio.QualityTools.CodedUITestFramework.dll = ReferenceAssemblies\Microsoft\VisualStudio\10.0.0.0\Microsoft.VisualStudio.QualityTools.CodedUITestFramework.dll
		ReferenceAssemblies\Microsoft\VisualStudio\10.0.0.0\Microsoft.VisualStudio.QualityTools.LoadTestFramework.dll = ReferenceAssemblies\Microsoft\VisualStudio\10.0.0.0\Microsoft.VisualStudio.QualityTools.LoadTestFramework.dll
		ReferenceAssemblies\Microsoft\VisualStudio\10.0.0.0\Microsoft.VisualStudio.QualityTools.UnitTestFramework.dll = ReferenceAssemblies\Microsoft\VisualStudio\10.0.0.0\Microsoft.VisualStudio.QualityTools.UnitTestFramework.dll
		ReferenceAssemblies\Microsoft\VisualStudio\10.0.0.0\Microsoft.VisualStudio.QualityTools.WebTestFramework.dll = ReferenceAssemblies\Microsoft\VisualStudio\10.0.0.0\Microsoft.VisualStudio.QualityTools.WebTestFramework.dll
		ReferenceAssemblies\Microsoft\VisualStudio\10.0.0.0\Microsoft.VisualStudio.TemplateWizard.dll = ReferenceAssemblies\Microsoft\VisualStudio\10.0.0.0\Microsoft.VisualStudio.TemplateWizard.dll
		ReferenceAssemblies\Microsoft\VisualStudio\10.0.0.0\Microsoft.VisualStudio.TemplateWizard.resources.dll = ReferenceAssemblies\Microsoft\VisualStudio\10.0.0.0\Microsoft.VisualStudio.TemplateWizard.resources.dll
		ReferenceAssemblies\Microsoft\VisualStudio\10.0.0.0\Microsoft.VisualStudio.TemplateWizardInterface.dll = ReferenceAssemblies\Microsoft\VisualStudio\10.0.0.0\Microsoft.VisualStudio.TemplateWizardInterface.dll
		ReferenceAssemblies\Microsoft\VisualStudio\10.0.0.0\Microsoft.VisualStudio.TemplateWizardInterface.xml = ReferenceAssemblies\Microsoft\VisualStudio\10.0.0.0\Microsoft.VisualStudio.TemplateWizardInterface.xml
		ReferenceAssemblies\Microsoft\VisualStudio\10.0.0.0\Microsoft.VisualStudio.TestTools.UITest.Common.dll = ReferenceAssemblies\Microsoft\VisualStudio\10.0.0.0\Microsoft.VisualStudio.TestTools.UITest.Common.dll
		ReferenceAssemblies\Microsoft\VisualStudio\10.0.0.0\Microsoft.VisualStudio.TestTools.UITest.Extension.dll = ReferenceAssemblies\Microsoft\VisualStudio\10.0.0.0\Microsoft.VisualStudio.TestTools.UITest.Extension.dll
		ReferenceAssemblies\Microsoft\VisualStudio\10.0.0.0\Microsoft.VisualStudio.TestTools.UITesting.dll = ReferenceAssemblies\Microsoft\VisualStudio\10.0.0.0\Microsoft.VisualStudio.TestTools.UITesting.dll
		ReferenceAssemblies\Microsoft\VisualStudio\10.0.0.0\Microsoft.VSSDK.TemplateWizard.dll = ReferenceAssemblies\Microsoft\VisualStudio\10.0.0.0\Microsoft.VSSDK.TemplateWizard.dll
		ReferenceAssemblies\Microsoft\VisualStudio\10.0.0.0\Microsoft.WizardFramework.dll = ReferenceAssemblies\Microsoft\VisualStudio\10.0.0.0\Microsoft.WizardFramework.dll
		ReferenceAssemblies\Microsoft\VisualStudio\10.0.0.0\Microsoft.WizardFramework.resources.dll = ReferenceAssemblies\Microsoft\VisualStudio\10.0.0.0\Microsoft.WizardFramework.resources.dll
		ReferenceAssemblies\Microsoft\VisualStudio\10.0.0.0\Microsoft.WizardFrameworkVS.dll = ReferenceAssemblies\Microsoft\VisualStudio\10.0.0.0\Microsoft.WizardFrameworkVS.dll
		ReferenceAssemblies\Microsoft\VisualStudio\10.0.0.0\Microsoft.WizardFrameworkVS.resources.dll = ReferenceAssemblies\Microsoft\VisualStudio\10.0.0.0\Microsoft.WizardFrameworkVS.resources.dll
		ReferenceAssemblies\Microsoft\VisualStudio\10.0.0.0\PhoenixAnalysisEngine.dll = ReferenceAssemblies\Microsoft\VisualStudio\10.0.0.0\PhoenixAnalysisEngine.dll
		ReferenceAssemblies\Microsoft\VisualStudio\10.0.0.0\phx.dll = ReferenceAssemblies\Microsoft\VisualStudio\10.0.0.0\phx.dll
		ReferenceAssemblies\Microsoft\VisualStudio\10.0.0.0\Runtime-vccrt-win-msil.dll = ReferenceAssemblies\Microsoft\VisualStudio\10.0.0.0\Runtime-vccrt-win-msil.dll
	EndProjectSection
EndProject
Project("{2150E333-8FDC-42A3-9474-1A3956D46DE8}") = "9.0.0.0", "9.0.0.0", "{3740D59B-674D-4863-826B-EC7C3774179A}"
	ProjectSection(SolutionItems) = preProject
		ReferenceAssemblies\Microsoft\VisualStudio\9.0.0.0\EnvDTE90.dll = ReferenceAssemblies\Microsoft\VisualStudio\9.0.0.0\EnvDTE90.dll
		ReferenceAssemblies\Microsoft\VisualStudio\9.0.0.0\EnvDTE90a.dll = ReferenceAssemblies\Microsoft\VisualStudio\9.0.0.0\EnvDTE90a.dll
		ReferenceAssemblies\Microsoft\VisualStudio\9.0.0.0\FxCopCommon.dll = ReferenceAssemblies\Microsoft\VisualStudio\9.0.0.0\FxCopCommon.dll
		ReferenceAssemblies\Microsoft\VisualStudio\9.0.0.0\FxCopSdk.dll = ReferenceAssemblies\Microsoft\VisualStudio\9.0.0.0\FxCopSdk.dll
		ReferenceAssemblies\Microsoft\VisualStudio\9.0.0.0\IntrospectionAnalysisEngine.dll = ReferenceAssemblies\Microsoft\VisualStudio\9.0.0.0\IntrospectionAnalysisEngine.dll
		ReferenceAssemblies\Microsoft\VisualStudio\9.0.0.0\Microsoft.Cci.dll = ReferenceAssemblies\Microsoft\VisualStudio\9.0.0.0\Microsoft.Cci.dll
		ReferenceAssemblies\Microsoft\VisualStudio\9.0.0.0\Microsoft.VisualStudio.QualityTools.LoadTestFramework.dll = ReferenceAssemblies\Microsoft\VisualStudio\9.0.0.0\Microsoft.VisualStudio.QualityTools.LoadTestFramework.dll
		ReferenceAssemblies\Microsoft\VisualStudio\9.0.0.0\Microsoft.VisualStudio.QualityTools.UnitTestFramework.dll = ReferenceAssemblies\Microsoft\VisualStudio\9.0.0.0\Microsoft.VisualStudio.QualityTools.UnitTestFramework.dll
		ReferenceAssemblies\Microsoft\VisualStudio\9.0.0.0\Microsoft.VisualStudio.QualityTools.WebTestFramework.dll = ReferenceAssemblies\Microsoft\VisualStudio\9.0.0.0\Microsoft.VisualStudio.QualityTools.WebTestFramework.dll
		ReferenceAssemblies\Microsoft\VisualStudio\9.0.0.0\Microsoft.VisualStudio.SmartDevice.UnitTestFramework.dll = ReferenceAssemblies\Microsoft\VisualStudio\9.0.0.0\Microsoft.VisualStudio.SmartDevice.UnitTestFramework.dll
	EndProjectSection
EndProject
Project("{2150E333-8FDC-42A3-9474-1A3956D46DE8}") = "Build Frameworks", "Build Frameworks", "{94086334-10F7-47DD-9B0E-7D6A8636BDF6}"
EndProject
Project("{2150E333-8FDC-42A3-9474-1A3956D46DE8}") = "Policy Frameworks", "Policy Frameworks", "{87D5A5F2-609F-4479-9606-D13275E77619}"
EndProject
Project("{2150E333-8FDC-42A3-9474-1A3956D46DE8}") = "Test Frameworks", "Test Frameworks", "{FCC99FA6-B494-494A-A15E-F34CC754649E}"
EndProject
Project("{FAE04EC0-301F-11D3-BF4B-00C04F79EFBC}") = "Core", "Src\Base Frameworks\Src\Core\Core.csproj", "{0C850538-31E8-4656-9734-B89600113CF1}"
EndProject
Project("{2150E333-8FDC-42A3-9474-1A3956D46DE8}") = "WiX", "WiX", "{D4A7E8FF-19B2-435C-BE06-5D3B5CDCA9A0}"
EndProject
Project("{2150E333-8FDC-42A3-9474-1A3956D46DE8}") = "v3.5", "v3.5", "{2E43AD62-7247-4C7B-AA58-03C81CBFA3D1}"
	ProjectSection(SolutionItems) = preProject
		ReferenceAssemblies\Microsoft\WiX\v3.5\candle.exe = ReferenceAssemblies\Microsoft\WiX\v3.5\candle.exe
		ReferenceAssemblies\Microsoft\WiX\v3.5\candle.exe.config = ReferenceAssemblies\Microsoft\WiX\v3.5\candle.exe.config
		ReferenceAssemblies\Microsoft\WiX\v3.5\darice.cub = ReferenceAssemblies\Microsoft\WiX\v3.5\darice.cub
		ReferenceAssemblies\Microsoft\WiX\v3.5\dark.exe = ReferenceAssemblies\Microsoft\WiX\v3.5\dark.exe
		ReferenceAssemblies\Microsoft\WiX\v3.5\dark.exe.config = ReferenceAssemblies\Microsoft\WiX\v3.5\dark.exe.config
		ReferenceAssemblies\Microsoft\WiX\v3.5\difxapp_ia64.wixlib = ReferenceAssemblies\Microsoft\WiX\v3.5\difxapp_ia64.wixlib
		ReferenceAssemblies\Microsoft\WiX\v3.5\difxapp_x64.wixlib = ReferenceAssemblies\Microsoft\WiX\v3.5\difxapp_x64.wixlib
		ReferenceAssemblies\Microsoft\WiX\v3.5\difxapp_x86.wixlib = ReferenceAssemblies\Microsoft\WiX\v3.5\difxapp_x86.wixlib
		ReferenceAssemblies\Microsoft\WiX\v3.5\IncludeFile.ico = ReferenceAssemblies\Microsoft\WiX\v3.5\IncludeFile.ico
		ReferenceAssemblies\Microsoft\WiX\v3.5\insignia.exe = ReferenceAssemblies\Microsoft\WiX\v3.5\insignia.exe
		ReferenceAssemblies\Microsoft\WiX\v3.5\insignia.exe.config = ReferenceAssemblies\Microsoft\WiX\v3.5\insignia.exe.config
		ReferenceAssemblies\Microsoft\WiX\v3.5\light.exe = ReferenceAssemblies\Microsoft\WiX\v3.5\light.exe
		ReferenceAssemblies\Microsoft\WiX\v3.5\light.exe.config = ReferenceAssemblies\Microsoft\WiX\v3.5\light.exe.config
		ReferenceAssemblies\Microsoft\WiX\v3.5\lit.exe = ReferenceAssemblies\Microsoft\WiX\v3.5\lit.exe
		ReferenceAssemblies\Microsoft\WiX\v3.5\lit.exe.config = ReferenceAssemblies\Microsoft\WiX\v3.5\lit.exe.config
		ReferenceAssemblies\Microsoft\WiX\v3.5\LocalizationFile.ico = ReferenceAssemblies\Microsoft\WiX\v3.5\LocalizationFile.ico
		ReferenceAssemblies\Microsoft\WiX\v3.5\lux.exe = ReferenceAssemblies\Microsoft\WiX\v3.5\lux.exe
		ReferenceAssemblies\Microsoft\WiX\v3.5\lux.exe.config = ReferenceAssemblies\Microsoft\WiX\v3.5\lux.exe.config
		ReferenceAssemblies\Microsoft\WiX\v3.5\lux.targets = ReferenceAssemblies\Microsoft\WiX\v3.5\lux.targets
		ReferenceAssemblies\Microsoft\WiX\v3.5\LuxTasks.dll = ReferenceAssemblies\Microsoft\WiX\v3.5\LuxTasks.dll
		ReferenceAssemblies\Microsoft\WiX\v3.5\melt.exe = ReferenceAssemblies\Microsoft\WiX\v3.5\melt.exe
		ReferenceAssemblies\Microsoft\WiX\v3.5\melt.exe.config = ReferenceAssemblies\Microsoft\WiX\v3.5\melt.exe.config
		ReferenceAssemblies\Microsoft\WiX\v3.5\mergemod.cub = ReferenceAssemblies\Microsoft\WiX\v3.5\mergemod.cub
		ReferenceAssemblies\Microsoft\WiX\v3.5\mergemod.dll = ReferenceAssemblies\Microsoft\WiX\v3.5\mergemod.dll
		ReferenceAssemblies\Microsoft\WiX\v3.5\Microsoft.Deployment.WindowsInstaller.dll = ReferenceAssemblies\Microsoft\WiX\v3.5\Microsoft.Deployment.WindowsInstaller.dll
		ReferenceAssemblies\Microsoft\WiX\v3.5\Microsoft.Tools.WindowsInstallerXml.NAntTasks.dll = ReferenceAssemblies\Microsoft\WiX\v3.5\Microsoft.Tools.WindowsInstallerXml.NAntTasks.dll
		ReferenceAssemblies\Microsoft\WiX\v3.5\mspatchc.dll = ReferenceAssemblies\Microsoft\WiX\v3.5\mspatchc.dll
		ReferenceAssemblies\Microsoft\WiX\v3.5\nit.exe = ReferenceAssemblies\Microsoft\WiX\v3.5\nit.exe
		ReferenceAssemblies\Microsoft\WiX\v3.5\nit.exe.config = ReferenceAssemblies\Microsoft\WiX\v3.5\nit.exe.config
		ReferenceAssemblies\Microsoft\WiX\v3.5\ProductFile.ico = ReferenceAssemblies\Microsoft\WiX\v3.5\ProductFile.ico
		ReferenceAssemblies\Microsoft\WiX\v3.5\ProjectFile.ico = ReferenceAssemblies\Microsoft\WiX\v3.5\ProjectFile.ico
		ReferenceAssemblies\Microsoft\WiX\v3.5\pyro.exe = ReferenceAssemblies\Microsoft\WiX\v3.5\pyro.exe
		ReferenceAssemblies\Microsoft\WiX\v3.5\pyro.exe.config = ReferenceAssemblies\Microsoft\WiX\v3.5\pyro.exe.config
		ReferenceAssemblies\Microsoft\WiX\v3.5\sconce2008.dll = ReferenceAssemblies\Microsoft\WiX\v3.5\sconce2008.dll
		ReferenceAssemblies\Microsoft\WiX\v3.5\sconce2010.dll = ReferenceAssemblies\Microsoft\WiX\v3.5\sconce2010.dll
		ReferenceAssemblies\Microsoft\WiX\v3.5\setup.exe = ReferenceAssemblies\Microsoft\WiX\v3.5\setup.exe
		ReferenceAssemblies\Microsoft\WiX\v3.5\setupbld.exe = ReferenceAssemblies\Microsoft\WiX\v3.5\setupbld.exe
		ReferenceAssemblies\Microsoft\WiX\v3.5\SetupBuilder.dll = ReferenceAssemblies\Microsoft\WiX\v3.5\SetupBuilder.dll
		ReferenceAssemblies\Microsoft\WiX\v3.5\smoke.exe = ReferenceAssemblies\Microsoft\WiX\v3.5\smoke.exe
		ReferenceAssemblies\Microsoft\WiX\v3.5\smoke.exe.config = ReferenceAssemblies\Microsoft\WiX\v3.5\smoke.exe.config
		ReferenceAssemblies\Microsoft\WiX\v3.5\torch.exe = ReferenceAssemblies\Microsoft\WiX\v3.5\torch.exe
		ReferenceAssemblies\Microsoft\WiX\v3.5\torch.exe.config = ReferenceAssemblies\Microsoft\WiX\v3.5\torch.exe.config
		ReferenceAssemblies\Microsoft\WiX\v3.5\votive2008.dll = ReferenceAssemblies\Microsoft\WiX\v3.5\votive2008.dll
		ReferenceAssemblies\Microsoft\WiX\v3.5\votive2010.dll = ReferenceAssemblies\Microsoft\WiX\v3.5\votive2010.dll
		ReferenceAssemblies\Microsoft\WiX\v3.5\wconsole.dll = ReferenceAssemblies\Microsoft\WiX\v3.5\wconsole.dll
		ReferenceAssemblies\Microsoft\WiX\v3.5\winterop.dll = ReferenceAssemblies\Microsoft\WiX\v3.5\winterop.dll
		ReferenceAssemblies\Microsoft\WiX\v3.5\wix.ca.targets = ReferenceAssemblies\Microsoft\WiX\v3.5\wix.ca.targets
		ReferenceAssemblies\Microsoft\WiX\v3.5\wix.dll = ReferenceAssemblies\Microsoft\WiX\v3.5\wix.dll
		ReferenceAssemblies\Microsoft\WiX\v3.5\wix.targets = ReferenceAssemblies\Microsoft\WiX\v3.5\wix.targets
		ReferenceAssemblies\Microsoft\WiX\v3.5\wix200x.targets = ReferenceAssemblies\Microsoft\WiX\v3.5\wix200x.targets
		ReferenceAssemblies\Microsoft\WiX\v3.5\wix2010.targets = ReferenceAssemblies\Microsoft\WiX\v3.5\wix2010.targets
		ReferenceAssemblies\Microsoft\WiX\v3.5\WixComPlusExtension.dll = ReferenceAssemblies\Microsoft\WiX\v3.5\WixComPlusExtension.dll
		ReferenceAssemblies\Microsoft\WiX\v3.5\WixCop.exe = ReferenceAssemblies\Microsoft\WiX\v3.5\WixCop.exe
		ReferenceAssemblies\Microsoft\WiX\v3.5\WixDifxAppExtension.dll = ReferenceAssemblies\Microsoft\WiX\v3.5\WixDifxAppExtension.dll
		ReferenceAssemblies\Microsoft\WiX\v3.5\WixDirectXExtension.dll = ReferenceAssemblies\Microsoft\WiX\v3.5\WixDirectXExtension.dll
		ReferenceAssemblies\Microsoft\WiX\v3.5\WixFirewallExtension.dll = ReferenceAssemblies\Microsoft\WiX\v3.5\WixFirewallExtension.dll
		ReferenceAssemblies\Microsoft\WiX\v3.5\WixGamingExtension.dll = ReferenceAssemblies\Microsoft\WiX\v3.5\WixGamingExtension.dll
		ReferenceAssemblies\Microsoft\WiX\v3.5\WixIIsExtension.dll = ReferenceAssemblies\Microsoft\WiX\v3.5\WixIIsExtension.dll
		ReferenceAssemblies\Microsoft\WiX\v3.5\WixLibraryFile.ico = ReferenceAssemblies\Microsoft\WiX\v3.5\WixLibraryFile.ico
		ReferenceAssemblies\Microsoft\WiX\v3.5\WixLuxExtension.dll = ReferenceAssemblies\Microsoft\WiX\v3.5\WixLuxExtension.dll
		ReferenceAssemblies\Microsoft\WiX\v3.5\WixMsmqExtension.dll = ReferenceAssemblies\Microsoft\WiX\v3.5\WixMsmqExtension.dll
		ReferenceAssemblies\Microsoft\WiX\v3.5\WixNetFxExtension.dll = ReferenceAssemblies\Microsoft\WiX\v3.5\WixNetFxExtension.dll
		ReferenceAssemblies\Microsoft\WiX\v3.5\WixPSExtension.dll = ReferenceAssemblies\Microsoft\WiX\v3.5\WixPSExtension.dll
		ReferenceAssemblies\Microsoft\WiX\v3.5\WixSqlExtension.dll = ReferenceAssemblies\Microsoft\WiX\v3.5\WixSqlExtension.dll
		ReferenceAssemblies\Microsoft\WiX\v3.5\WixTasks.dll = ReferenceAssemblies\Microsoft\WiX\v3.5\WixTasks.dll
		ReferenceAssemblies\Microsoft\WiX\v3.5\WixUIExtension.dll = ReferenceAssemblies\Microsoft\WiX\v3.5\WixUIExtension.dll
		ReferenceAssemblies\Microsoft\WiX\v3.5\WixUnit.exe = ReferenceAssemblies\Microsoft\WiX\v3.5\WixUnit.exe
		ReferenceAssemblies\Microsoft\WiX\v3.5\WixUnit.exe.config = ReferenceAssemblies\Microsoft\WiX\v3.5\WixUnit.exe.config
		ReferenceAssemblies\Microsoft\WiX\v3.5\WixUtilExtension.dll = ReferenceAssemblies\Microsoft\WiX\v3.5\WixUtilExtension.dll
		ReferenceAssemblies\Microsoft\WiX\v3.5\WixVSExtension.dll = ReferenceAssemblies\Microsoft\WiX\v3.5\WixVSExtension.dll
		ReferenceAssemblies\Microsoft\WiX\v3.5\wui.dll = ReferenceAssemblies\Microsoft\WiX\v3.5\wui.dll
	EndProjectSection
EndProject
Project("{2150E333-8FDC-42A3-9474-1A3956D46DE8}") = "3.5", "3.5", "{02B28F5B-0BD3-4987-81CE-2B30434CD27D}"
	ProjectSection(SolutionItems) = preProject
		ReferenceAssemblies\Microsoft\Build\3.5\Microsoft.Build.Conversion.v3.5.dll = ReferenceAssemblies\Microsoft\Build\3.5\Microsoft.Build.Conversion.v3.5.dll
		ReferenceAssemblies\Microsoft\Build\3.5\Microsoft.Build.Conversion.v3.5.xml = ReferenceAssemblies\Microsoft\Build\3.5\Microsoft.Build.Conversion.v3.5.xml
		ReferenceAssemblies\Microsoft\Build\3.5\Microsoft.Build.Engine.dll = ReferenceAssemblies\Microsoft\Build\3.5\Microsoft.Build.Engine.dll
		ReferenceAssemblies\Microsoft\Build\3.5\Microsoft.Build.Engine.xml = ReferenceAssemblies\Microsoft\Build\3.5\Microsoft.Build.Engine.xml
		ReferenceAssemblies\Microsoft\Build\3.5\Microsoft.Build.Framework.dll = ReferenceAssemblies\Microsoft\Build\3.5\Microsoft.Build.Framework.dll
		ReferenceAssemblies\Microsoft\Build\3.5\Microsoft.Build.Framework.xml = ReferenceAssemblies\Microsoft\Build\3.5\Microsoft.Build.Framework.xml
		ReferenceAssemblies\Microsoft\Build\3.5\Microsoft.Build.Utilities.v3.5.dll = ReferenceAssemblies\Microsoft\Build\3.5\Microsoft.Build.Utilities.v3.5.dll
		ReferenceAssemblies\Microsoft\Build\3.5\Microsoft.Build.Utilities.v3.5.xml = ReferenceAssemblies\Microsoft\Build\3.5\Microsoft.Build.Utilities.v3.5.xml
	EndProjectSection
EndProject
Project("{FAE04EC0-301F-11D3-BF4B-00C04F79EFBC}") = "Core.Tests", "Src\Base Frameworks\Tests\Core.Tests\Core.Tests.csproj", "{4B928FA3-FB7B-4C91-A863-DA58F6F3520F}"
EndProject
Project("{2150E333-8FDC-42A3-9474-1A3956D46DE8}") = "Src", "Src", "{C0F93ECF-E45C-4074-85D5-42DDC6745F6B}"
EndProject
Project("{FAE04EC0-301F-11D3-BF4B-00C04F79EFBC}") = "Testing.UnitTest", "Src\Test Frameworks\Src\Testing.UnitTest\Testing.UnitTest.csproj", "{DF4F853F-B415-494B-8B59-5561F3F4BEFF}"
EndProject
Global
	GlobalSection(TeamFoundationVersionControl) = preSolution
		SccNumberOfProjects = 6
		SccEnterpriseProvider = {4CA58AB2-18FA-4F8D-95D4-32DDF27D184C}
		SccTeamFoundationServer = https://tfs.codeplex.com/tfs/tfs08
		SccLocalPath0 = .
		SccProjectUniqueName1 = Src\\Base\u0020Frameworks\\Src\\IoC.Castle\\IoC.Castle.csproj
		SccProjectTopLevelParentUniqueName1 = Umc.Core.v3.0.sln
		SccProjectName1 = Src/Base\u0020Frameworks/Src/IoC.Castle
		SccLocalPath1 = Src\\Base\u0020Frameworks\\Src\\IoC.Castle
		SccProjectUniqueName2 = Src\\Base\u0020Frameworks\\Tests\\IoC.Castle.Tests\\IoC.Castle.Tests.csproj
		SccProjectTopLevelParentUniqueName2 = Umc.Core.v3.0.sln
		SccProjectName2 = Src/Base\u0020Frameworks/Tests/IoC.Castle.Tests
		SccLocalPath2 = Src\\Base\u0020Frameworks\\Tests\\IoC.Castle.Tests
		SccProjectUniqueName3 = Src\\Base\u0020Frameworks\\Src\\Core\\Core.csproj
		SccProjectTopLevelParentUniqueName3 = Umc.Core.v3.0.sln
		SccProjectName3 = Src/Base\u0020Frameworks/Src/Core
		SccLocalPath3 = Src\\Base\u0020Frameworks\\Src\\Core
		SccProjectUniqueName4 = Src\\Base\u0020Frameworks\\Tests\\Core.Tests\\Core.Tests.csproj
		SccProjectTopLevelParentUniqueName4 = Umc.Core.v3.0.sln
		SccProjectName4 = Src/Base\u0020Frameworks/Tests/Core.Tests
		SccLocalPath4 = Src\\Base\u0020Frameworks\\Tests\\Core.Tests
		SccProjectUniqueName5 = Src\\Test\u0020Frameworks\\Src\\Testing.UnitTest\\Testing.UnitTest.csproj
		SccProjectTopLevelParentUniqueName5 = Umc.Core.v3.0.sln
		SccProjectName5 = Src/Test\u0020Frameworks/Src/Testing.UnitTest
		SccLocalPath5 = Src\\Test\u0020Frameworks\\Src\\Testing.UnitTest
	EndGlobalSection
	GlobalSection(TestCaseManagementSettings) = postSolution
		CategoryFile = Umc.Core.v3.0.vsmdi
	EndGlobalSection
	GlobalSection(SolutionConfigurationPlatforms) = preSolution
		Debug|Any CPU = Debug|Any CPU
		Debug|Mixed Platforms = Debug|Mixed Platforms
		Debug|Win32 = Debug|Win32
		Debug|x64 = Debug|x64
		Debug|x86 = Debug|x86
		Release|Any CPU = Release|Any CPU
		Release|Mixed Platforms = Release|Mixed Platforms
		Release|Win32 = Release|Win32
		Release|x64 = Release|x64
		Release|x86 = Release|x86
	EndGlobalSection
	GlobalSection(ProjectConfigurationPlatforms) = postSolution
		{73199ABA-F0FE-404A-BB5E-6912B3A7DA00}.Debug|Any CPU.ActiveCfg = Debug|Any CPU
		{73199ABA-F0FE-404A-BB5E-6912B3A7DA00}.Debug|Any CPU.Build.0 = Debug|Any CPU
		{73199ABA-F0FE-404A-BB5E-6912B3A7DA00}.Debug|Mixed Platforms.ActiveCfg = Debug|Any CPU
		{73199ABA-F0FE-404A-BB5E-6912B3A7DA00}.Debug|Mixed Platforms.Build.0 = Debug|Any CPU
		{73199ABA-F0FE-404A-BB5E-6912B3A7DA00}.Debug|Win32.ActiveCfg = Debug|Any CPU
		{73199ABA-F0FE-404A-BB5E-6912B3A7DA00}.Debug|x64.ActiveCfg = Debug|x64
		{73199ABA-F0FE-404A-BB5E-6912B3A7DA00}.Debug|x64.Build.0 = Debug|x64
		{73199ABA-F0FE-404A-BB5E-6912B3A7DA00}.Debug|x86.ActiveCfg = Debug|x86
		{73199ABA-F0FE-404A-BB5E-6912B3A7DA00}.Debug|x86.Build.0 = Debug|x86
		{73199ABA-F0FE-404A-BB5E-6912B3A7DA00}.Release|Any CPU.ActiveCfg = Release|Any CPU
		{73199ABA-F0FE-404A-BB5E-6912B3A7DA00}.Release|Any CPU.Build.0 = Release|Any CPU
		{73199ABA-F0FE-404A-BB5E-6912B3A7DA00}.Release|Mixed Platforms.ActiveCfg = Release|Any CPU
		{73199ABA-F0FE-404A-BB5E-6912B3A7DA00}.Release|Mixed Platforms.Build.0 = Release|Any CPU
		{73199ABA-F0FE-404A-BB5E-6912B3A7DA00}.Release|Win32.ActiveCfg = Release|Any CPU
		{73199ABA-F0FE-404A-BB5E-6912B3A7DA00}.Release|x64.ActiveCfg = Release|x64
		{73199ABA-F0FE-404A-BB5E-6912B3A7DA00}.Release|x64.Build.0 = Release|x64
		{73199ABA-F0FE-404A-BB5E-6912B3A7DA00}.Release|x86.ActiveCfg = Release|x86
		{73199ABA-F0FE-404A-BB5E-6912B3A7DA00}.Release|x86.Build.0 = Release|x86
		{F04BADD7-DCC9-4449-A0B4-91EC6A446B94}.Debug|Any CPU.ActiveCfg = Debug|Any CPU
		{F04BADD7-DCC9-4449-A0B4-91EC6A446B94}.Debug|Any CPU.Build.0 = Debug|Any CPU
		{F04BADD7-DCC9-4449-A0B4-91EC6A446B94}.Debug|Mixed Platforms.ActiveCfg = Debug|Any CPU
		{F04BADD7-DCC9-4449-A0B4-91EC6A446B94}.Debug|Mixed Platforms.Build.0 = Debug|Any CPU
		{F04BADD7-DCC9-4449-A0B4-91EC6A446B94}.Debug|Win32.ActiveCfg = Debug|Any CPU
		{F04BADD7-DCC9-4449-A0B4-91EC6A446B94}.Debug|x64.ActiveCfg = Debug|x64
		{F04BADD7-DCC9-4449-A0B4-91EC6A446B94}.Debug|x64.Build.0 = Debug|x64
		{F04BADD7-DCC9-4449-A0B4-91EC6A446B94}.Debug|x86.ActiveCfg = Debug|x86
		{F04BADD7-DCC9-4449-A0B4-91EC6A446B94}.Debug|x86.Build.0 = Debug|x86
		{F04BADD7-DCC9-4449-A0B4-91EC6A446B94}.Release|Any CPU.ActiveCfg = Release|Any CPU
		{F04BADD7-DCC9-4449-A0B4-91EC6A446B94}.Release|Any CPU.Build.0 = Release|Any CPU
		{F04BADD7-DCC9-4449-A0B4-91EC6A446B94}.Release|Mixed Platforms.ActiveCfg = Release|Any CPU
		{F04BADD7-DCC9-4449-A0B4-91EC6A446B94}.Release|Mixed Platforms.Build.0 = Release|Any CPU
		{F04BADD7-DCC9-4449-A0B4-91EC6A446B94}.Release|Win32.ActiveCfg = Release|Any CPU
		{F04BADD7-DCC9-4449-A0B4-91EC6A446B94}.Release|x64.ActiveCfg = Release|x64
		{F04BADD7-DCC9-4449-A0B4-91EC6A446B94}.Release|x64.Build.0 = Release|x64
		{F04BADD7-DCC9-4449-A0B4-91EC6A446B94}.Release|x86.ActiveCfg = Release|x86
		{F04BADD7-DCC9-4449-A0B4-91EC6A446B94}.Release|x86.Build.0 = Release|x86
		{0C850538-31E8-4656-9734-B89600113CF1}.Debug|Any CPU.ActiveCfg = Debug|Any CPU
		{0C850538-31E8-4656-9734-B89600113CF1}.Debug|Any CPU.Build.0 = Debug|Any CPU
		{0C850538-31E8-4656-9734-B89600113CF1}.Debug|Mixed Platforms.ActiveCfg = Debug|Any CPU
		{0C850538-31E8-4656-9734-B89600113CF1}.Debug|Mixed Platforms.Build.0 = Debug|Any CPU
		{0C850538-31E8-4656-9734-B89600113CF1}.Debug|Win32.ActiveCfg = Debug|x86
		{0C850538-31E8-4656-9734-B89600113CF1}.Debug|x64.ActiveCfg = Debug|x64
		{0C850538-31E8-4656-9734-B89600113CF1}.Debug|x64.Build.0 = Debug|x64
		{0C850538-31E8-4656-9734-B89600113CF1}.Debug|x86.ActiveCfg = Debug|x86
		{0C850538-31E8-4656-9734-B89600113CF1}.Debug|x86.Build.0 = Debug|x86
		{0C850538-31E8-4656-9734-B89600113CF1}.Release|Any CPU.ActiveCfg = Release|Any CPU
		{0C850538-31E8-4656-9734-B89600113CF1}.Release|Any CPU.Build.0 = Release|Any CPU
		{0C850538-31E8-4656-9734-B89600113CF1}.Release|Mixed Platforms.ActiveCfg = Release|x86
		{0C850538-31E8-4656-9734-B89600113CF1}.Release|Mixed Platforms.Build.0 = Release|x86
		{0C850538-31E8-4656-9734-B89600113CF1}.Release|Win32.ActiveCfg = Release|x86
		{0C850538-31E8-4656-9734-B89600113CF1}.Release|x64.ActiveCfg = Release|x64
		{0C850538-31E8-4656-9734-B89600113CF1}.Release|x64.Build.0 = Release|x64
		{0C850538-31E8-4656-9734-B89600113CF1}.Release|x86.ActiveCfg = Release|x86
		{0C850538-31E8-4656-9734-B89600113CF1}.Release|x86.Build.0 = Release|x86
		{4B928FA3-FB7B-4C91-A863-DA58F6F3520F}.Debug|Any CPU.ActiveCfg = Debug|Any CPU
		{4B928FA3-FB7B-4C91-A863-DA58F6F3520F}.Debug|Any CPU.Build.0 = Debug|Any CPU
		{4B928FA3-FB7B-4C91-A863-DA58F6F3520F}.Debug|Mixed Platforms.ActiveCfg = Debug|Any CPU
		{4B928FA3-FB7B-4C91-A863-DA58F6F3520F}.Debug|Mixed Platforms.Build.0 = Debug|Any CPU
		{4B928FA3-FB7B-4C91-A863-DA58F6F3520F}.Debug|Win32.ActiveCfg = Debug|x86
		{4B928FA3-FB7B-4C91-A863-DA58F6F3520F}.Debug|x64.ActiveCfg = Debug|x64
		{4B928FA3-FB7B-4C91-A863-DA58F6F3520F}.Debug|x64.Build.0 = Debug|x64
		{4B928FA3-FB7B-4C91-A863-DA58F6F3520F}.Debug|x86.ActiveCfg = Debug|x86
		{4B928FA3-FB7B-4C91-A863-DA58F6F3520F}.Debug|x86.Build.0 = Debug|x86
		{4B928FA3-FB7B-4C91-A863-DA58F6F3520F}.Release|Any CPU.ActiveCfg = Release|Any CPU
		{4B928FA3-FB7B-4C91-A863-DA58F6F3520F}.Release|Any CPU.Build.0 = Release|Any CPU
		{4B928FA3-FB7B-4C91-A863-DA58F6F3520F}.Release|Mixed Platforms.ActiveCfg = Release|x86
		{4B928FA3-FB7B-4C91-A863-DA58F6F3520F}.Release|Mixed Platforms.Build.0 = Release|x86
		{4B928FA3-FB7B-4C91-A863-DA58F6F3520F}.Release|Win32.ActiveCfg = Release|x86
		{4B928FA3-FB7B-4C91-A863-DA58F6F3520F}.Release|x64.ActiveCfg = Release|x64
		{4B928FA3-FB7B-4C91-A863-DA58F6F3520F}.Release|x64.Build.0 = Release|x64
		{4B928FA3-FB7B-4C91-A863-DA58F6F3520F}.Release|x86.ActiveCfg = Release|x86
		{4B928FA3-FB7B-4C91-A863-DA58F6F3520F}.Release|x86.Build.0 = Release|x86
		{DF4F853F-B415-494B-8B59-5561F3F4BEFF}.Debug|Any CPU.ActiveCfg = Debug|Any CPU
		{DF4F853F-B415-494B-8B59-5561F3F4BEFF}.Debug|Any CPU.Build.0 = Debug|Any CPU
		{DF4F853F-B415-494B-8B59-5561F3F4BEFF}.Debug|Mixed Platforms.ActiveCfg = Debug|Any CPU
		{DF4F853F-B415-494B-8B59-5561F3F4BEFF}.Debug|Mixed Platforms.Build.0 = Debug|Any CPU
		{DF4F853F-B415-494B-8B59-5561F3F4BEFF}.Debug|Win32.ActiveCfg = Debug|x86
		{DF4F853F-B415-494B-8B59-5561F3F4BEFF}.Debug|x64.ActiveCfg = Debug|x64
		{DF4F853F-B415-494B-8B59-5561F3F4BEFF}.Debug|x64.Build.0 = Debug|x64
		{DF4F853F-B415-494B-8B59-5561F3F4BEFF}.Debug|x86.ActiveCfg = Debug|x86
		{DF4F853F-B415-494B-8B59-5561F3F4BEFF}.Debug|x86.Build.0 = Debug|x86
		{DF4F853F-B415-494B-8B59-5561F3F4BEFF}.Release|Any CPU.ActiveCfg = Release|Any CPU
		{DF4F853F-B415-494B-8B59-5561F3F4BEFF}.Release|Any CPU.Build.0 = Release|Any CPU
		{DF4F853F-B415-494B-8B59-5561F3F4BEFF}.Release|Mixed Platforms.ActiveCfg = Release|x86
		{DF4F853F-B415-494B-8B59-5561F3F4BEFF}.Release|Mixed Platforms.Build.0 = Release|x86
		{DF4F853F-B415-494B-8B59-5561F3F4BEFF}.Release|Win32.ActiveCfg = Release|x86
		{DF4F853F-B415-494B-8B59-5561F3F4BEFF}.Release|x64.ActiveCfg = Release|x64
		{DF4F853F-B415-494B-8B59-5561F3F4BEFF}.Release|x64.Build.0 = Release|x64
		{DF4F853F-B415-494B-8B59-5561F3F4BEFF}.Release|x86.ActiveCfg = Release|x86
		{DF4F853F-B415-494B-8B59-5561F3F4BEFF}.Release|x86.Build.0 = Release|x86
	EndGlobalSection
	GlobalSection(SolutionProperties) = preSolution
		HideSolutionNode = FALSE
	EndGlobalSection
	GlobalSection(NestedProjects) = preSolution
		{4EFD69B8-2EDA-488D-A887-C00632B61F74} = {ACE89322-B335-48E9-9C85-5D01DA9C4D4E}
		{8C65C892-DEE7-4483-8E3C-E1646D792A92} = {ACE89322-B335-48E9-9C85-5D01DA9C4D4E}
		{94086334-10F7-47DD-9B0E-7D6A8636BDF6} = {ACE89322-B335-48E9-9C85-5D01DA9C4D4E}
		{87D5A5F2-609F-4479-9606-D13275E77619} = {ACE89322-B335-48E9-9C85-5D01DA9C4D4E}
		{FCC99FA6-B494-494A-A15E-F34CC754649E} = {ACE89322-B335-48E9-9C85-5D01DA9C4D4E}
		{34449B70-94BE-441C-8C3A-F2D88DE09FD8} = {4EFD69B8-2EDA-488D-A887-C00632B61F74}
		{F2ADE8D1-86E8-46AB-A58E-F17D4E4BCCBD} = {4EFD69B8-2EDA-488D-A887-C00632B61F74}
		{F04BADD7-DCC9-4449-A0B4-91EC6A446B94} = {34449B70-94BE-441C-8C3A-F2D88DE09FD8}
		{4B928FA3-FB7B-4C91-A863-DA58F6F3520F} = {34449B70-94BE-441C-8C3A-F2D88DE09FD8}
		{73199ABA-F0FE-404A-BB5E-6912B3A7DA00} = {F2ADE8D1-86E8-46AB-A58E-F17D4E4BCCBD}
		{0C850538-31E8-4656-9734-B89600113CF1} = {F2ADE8D1-86E8-46AB-A58E-F17D4E4BCCBD}
		{22AD2107-BA9F-415E-AE50-AA47C0606945} = {876AD24B-F4CB-4BDA-961F-326871E9D5CF}
		{CEB3A44F-515C-411D-85B7-7C317273ACB8} = {C8AE2337-D08C-4BE0-978E-AF602E43A7E7}
		{7280278C-DF4D-4676-9C87-BB53E2290917} = {C8AE2337-D08C-4BE0-978E-AF602E43A7E7}
		{C94E18FB-6561-4B2B-BDB0-5799FD08AF40} = {C8AE2337-D08C-4BE0-978E-AF602E43A7E7}
		{D4001701-A750-43CE-8538-F668ABCAE006} = {CEB3A44F-515C-411D-85B7-7C317273ACB8}
		{7975CCA5-3B88-4E91-A193-FCB7EA0FB421} = {7280278C-DF4D-4676-9C87-BB53E2290917}
		{ABEC380E-1CFB-4961-9EEF-91A9426B7CE6} = {C94E18FB-6561-4B2B-BDB0-5799FD08AF40}
		{A6AAFEED-097A-4EAB-BAED-6F0FFCD3039B} = {C94E18FB-6561-4B2B-BDB0-5799FD08AF40}
		{BF390417-C3BB-4DD3-8DD3-C5729DC3263E} = {C94E18FB-6561-4B2B-BDB0-5799FD08AF40}
		{D4A7E8FF-19B2-435C-BE06-5D3B5CDCA9A0} = {C94E18FB-6561-4B2B-BDB0-5799FD08AF40}
		{2493CAAD-519A-43F4-ACFA-58DDF4117B22} = {ABEC380E-1CFB-4961-9EEF-91A9426B7CE6}
		{02B28F5B-0BD3-4987-81CE-2B30434CD27D} = {ABEC380E-1CFB-4961-9EEF-91A9426B7CE6}
		{26B90A94-FD3B-47B3-BA02-02C42A3434F6} = {A6AAFEED-097A-4EAB-BAED-6F0FFCD3039B}
		{93266A17-D2C0-4F00-83A2-22AC92668DF5} = {A6AAFEED-097A-4EAB-BAED-6F0FFCD3039B}
		{3740D59B-674D-4863-826B-EC7C3774179A} = {A6AAFEED-097A-4EAB-BAED-6F0FFCD3039B}
		{E8A6B136-C75A-4239-8F46-118287A261DB} = {BF390417-C3BB-4DD3-8DD3-C5729DC3263E}
		{BB77CCFD-EF8E-4DE3-BF29-A8BB8DA0A50B} = {E8A6B136-C75A-4239-8F46-118287A261DB}
		{C0F93ECF-E45C-4074-85D5-42DDC6745F6B} = {FCC99FA6-B494-494A-A15E-F34CC754649E}
		{2E43AD62-7247-4C7B-AA58-03C81CBFA3D1} = {D4A7E8FF-19B2-435C-BE06-5D3B5CDCA9A0}
		{DF4F853F-B415-494B-8B59-5561F3F4BEFF} = {C0F93ECF-E45C-4074-85D5-42DDC6745F6B}
	EndGlobalSection
EndGlobal
